{"format_version":"1.0","provider_schemas":{"registry.terraform.io/lukasaron/stripe":{"provider":{"version":0,"block":{"attributes":{"api_key":{"type":"string","description":"The Stripe secret API key","description_kind":"plain","optional":true,"sensitive":true}},"description_kind":"plain"}},"resource_schemas":{"stripe_card":{"version":0,"block":{"attributes":{"address":{"type":["map","string"],"description":"Address map with fields related to the address: line1, line2, city, state, zip and country","description_kind":"plain","optional":true},"address_line1_check":{"type":"string","description":"If address_line1 was provided, results of the check: pass, fail, unavailable, or unchecked.","description_kind":"plain","computed":true},"address_zip_check":{"type":"string","description":"If address_zip was provided, results of the check: pass, fail, unavailable, or unchecked.","description_kind":"plain","computed":true},"available_payout_methods":{"type":["list","string"],"description":"A set of available payout methods for this card. Only values from this set should be passed as the method when creating a payout.","description_kind":"plain","computed":true},"brand":{"type":"string","description":"Card brand. Can be American Express, Diners Club, Discover, JCB, MasterCard, UnionPay, Visa, or Unknown.","description_kind":"plain","computed":true},"country":{"type":"string","description":"Two-letter ISO code representing the country of the card. You could use this attribute to get a sense of the international breakdown of cards you’ve collected.","description_kind":"plain","computed":true},"customer":{"type":"string","description":"The customer that this card belongs to. ","description_kind":"plain","required":true},"cvc":{"type":"number","description":"Card security code. Highly recommended to always include this value, but it's required only for accounts based in European countries.","description_kind":"plain","optional":true,"sensitive":true},"cvc_check":{"type":"string","description":"If a CVC was provided, results of the check: pass, fail, unavailable, or unchecked. A result of unchecked indicates that CVC was provided but hasn’t been checked yet.","description_kind":"plain","computed":true},"exp_month":{"type":"number","description":"Two-digit number representing the card's expiration month.","description_kind":"plain","required":true},"exp_year":{"type":"number","description":"Four-digit number representing the card's expiration year.","description_kind":"plain","required":true},"fingerprint":{"type":"string","description":"Uniquely identifies this particular card number. You can use this attribute to check whether two customers who’ve signed up with you are using the same card number, for example. For payment methods that tokenize card information (Apple Pay, Google Pay), the tokenized number might be provided instead of the underlying card number.","description_kind":"plain","computed":true},"funding":{"type":"string","description":"Card funding type. Can be credit, debit, prepaid, or unknown.","description_kind":"plain","computed":true},"id":{"type":"string","description":"Unique identifier for the object.","description_kind":"plain","computed":true},"last4":{"type":"string","description":"The last four digits of the card.","description_kind":"plain","computed":true},"metadata":{"type":["map","string"],"description":"Set of key-value pairs that you can attach to an object. This can be useful for storing additional information about the object in a structured format.","description_kind":"plain","optional":true},"name":{"type":"string","description":"Cardholder name.","description_kind":"plain","optional":true},"number":{"type":"string","description":"The card number, as a string without any separators.","description_kind":"plain","required":true,"sensitive":true},"tokenization_method":{"type":"string","description":"If the card number is tokenized, this is the method that was used. Can be android_pay (includes Google Pay), apple_pay, masterpass, visa_checkout, or null.","description_kind":"plain","computed":true}},"description_kind":"plain"}},"stripe_coupon":{"version":0,"block":{"attributes":{"amount_off":{"type":"number","description":"Amount (in the currency specified) that will be taken off the subtotal of any invoices for this customer.","description_kind":"plain","optional":true},"applies_to":{"type":["list","string"],"description":"A list of product IDs this coupon applies to","description_kind":"plain","optional":true},"coupon_id":{"type":"string","description":"Unique string of your choice that will be used to identify this coupon when applying it to a customer. If you don’t want to specify a particular code, you can leave the ID blank and we’ll generate a random code for you.","description_kind":"plain","optional":true,"computed":true},"currency":{"type":"string","description":"If amount_off has been set, the three-letter ISO code for the currency of the amount to take off.","description_kind":"plain","optional":true},"duration":{"type":"string","description":"One of forever, once, and repeating. Describes how long a customer who applies this coupon will get the discount.","description_kind":"plain","optional":true},"duration_in_months":{"type":"number","description":"If duration is repeating, the number of months the coupon applies. Null if coupon duration is forever or once.","description_kind":"plain","optional":true},"id":{"type":"string","description_kind":"plain","optional":true,"computed":true},"max_redemptions":{"type":"number","description":"Maximum number of times this coupon can be redeemed, in total, across all customers, before it is no longer valid.","description_kind":"plain","optional":true},"metadata":{"type":["map","string"],"description":"Set of key-value pairs that you can attach to an object. This can be useful for storing additional information about the object in a structured format.","description_kind":"plain","optional":true},"name":{"type":"string","description":"Name of the coupon displayed to customers on for instance invoices or receipts.","description_kind":"plain","optional":true},"percent_off":{"type":"number","description":"Percent that will be taken off the subtotal of any invoices for this customer for the duration of the coupon. For example, a coupon with percent_off of 50 will make a $100 invoice $50 instead.","description_kind":"plain","optional":true},"redeem_by":{"type":"string","description":"Date after which the coupon can no longer be redeemed. Expected format is RFC3339","description_kind":"plain","optional":true},"times_redeemed":{"type":"number","description":"Number of times this coupon has been applied to a customer.","description_kind":"plain","computed":true},"valid":{"type":"bool","description":"Taking account of the above properties, whether this coupon can still be applied to a customer.","description_kind":"plain","computed":true}},"description_kind":"plain"}},"stripe_customer":{"version":0,"block":{"attributes":{"address":{"type":["map","string"],"description":"Address map with fields related to the address: line1, line2, city, state, postal_code and country","description_kind":"plain","optional":true},"balance":{"type":"number","description":"An integer amount in cents that represents the customer’s current balance, which affect the customer’s future invoices. A negative amount represents a credit that decreases the amount due on an invoice; a positive amount increases the amount due on an invoice.","description_kind":"plain","optional":true},"default_invoice_prefix":{"type":"string","description":"The default (auto-generated) prefix for the customer used to generate unique invoice numbers. ","description_kind":"plain","computed":true},"description":{"type":"string","description":"An arbitrary string that you can attach to a customer object. It is displayed alongside the customer in the dashboard.","description_kind":"plain","optional":true},"email":{"type":"string","description":"Customer’s email address. It’s displayed alongside the customer in your dashboard and can be useful for searching and tracking. This may be up to 512 characters.","description_kind":"plain","optional":true},"id":{"type":"string","description":"Unique identifier for the object.","description_kind":"plain","computed":true},"invoice_prefix":{"type":"string","description":"The prefix for the customer used to generate unique invoice numbers. Must be 3–12 uppercase letters or numbers.","description_kind":"plain","optional":true},"invoice_settings":{"type":["map","string"],"description":"Default invoice settings for this customer.","description_kind":"plain","optional":true},"metadata":{"type":["map","string"],"description":"Set of key-value pairs that you can attach to an object. This can be useful for storing additional information about the object in a structured format.","description_kind":"plain","optional":true},"name":{"type":"string","description":"The customer’s full name or business name.","description_kind":"plain","optional":true},"next_invoice_sequence":{"type":"number","description":"The sequence to be used on the customer’s next invoice. Defaults to 1.","description_kind":"plain","optional":true},"phone":{"type":"string","description":"The customer’s phone number.","description_kind":"plain","optional":true},"preferred_locales":{"type":["list","string"],"description":"Customer’s preferred languages, ordered by preference.","description_kind":"plain","optional":true},"shipping":{"type":["map","string"],"description":"Shipping map with fields like name, phone and fields related to the address: line1, line2, city, state, postal_code and country. ","description_kind":"plain","optional":true}},"description_kind":"plain"}},"stripe_entitlements_feature":{"version":0,"block":{"attributes":{"active":{"type":"bool","description":"Inactive features cannot be attached to new products and will not be returned from the features list endpoint.","description_kind":"plain","computed":true},"id":{"type":"string","description":"Unique identifier for the object.","description_kind":"plain","computed":true},"livemode":{"type":"bool","description":"Has the value true if the object exists in live mode or the value false if the object exists in test mode","description_kind":"plain","computed":true},"lookup_key":{"type":"string","description":"A unique key you provide as your own system identifier. This may be up to 80 characters.","description_kind":"plain","required":true},"metadata":{"type":["map","string"],"description":"Set of key-value pairs that you can attach to an object. This can be useful for storing additional information about the object in a structured format.","description_kind":"plain","optional":true},"name":{"type":"string","description":"The feature’s name, for your own purpose, not meant to be displayable to the customer.","description_kind":"plain","required":true},"object":{"type":"string","description":"String representing the object’s type. Objects of the same type share the same value.","description_kind":"plain","computed":true}},"description_kind":"plain"}},"stripe_file":{"version":0,"block":{"attributes":{"base64content":{"type":"string","description":"A content file to upload encoded by base64.","description_kind":"plain","required":true},"created":{"type":"number","description":"Time at which the object was created. Measured in seconds since the Unix epoch.","description_kind":"plain","computed":true},"expires_at":{"type":"number","description":"The file expires and isn’t available at this time in epoch seconds.","description_kind":"plain","computed":true},"filename":{"type":"string","description":"The suitable name for saving the file to a filesystem.","description_kind":"plain","required":true},"id":{"type":"string","description":"Unique identifier for the object.","description_kind":"plain","computed":true},"links":{"type":["list",["object",{"created":"number","expired":"bool","expires_at":"number","id":"string","livemode":"bool","metadata":["map","string"],"object":"string","url":"string"}]],"description_kind":"plain","computed":true},"object":{"type":"string","description":"String representing the object’s type. Objects of the same type share the same value.","description_kind":"plain","computed":true},"purpose":{"type":"string","description":"The purpose of the uploaded file.","description_kind":"plain","required":true},"size":{"type":"number","description":"The size of the file object in bytes.","description_kind":"plain","computed":true},"type":{"type":"string","description":"The returned file type (for example, csv, pdf, jpg, or png).","description_kind":"plain","computed":true},"url":{"type":"string","description":"Use your live secret API key to download the file from this URL.","description_kind":"plain","computed":true}},"block_types":{"link_data":{"nesting_mode":"list","block":{"attributes":{"create":{"type":"bool","description":"Set this to true to create a file link for the newly created file. Creating a link is only possible when the file’s purpose is one of the following: business_icon, business_logo, customer_signature, dispute_evidence, pci_document, tax_document_user_upload, or terminal_reader_splashscreen.","description_kind":"plain","required":true},"expires_at":{"type":"number","description":"The link isn’t available after this future timestamp.","description_kind":"plain","optional":true},"metadata":{"type":["map","string"],"description":"Set of key-value pairs that you can attach to an object. This can be useful for storing additional information about the object in a structured format.","description_kind":"plain","optional":true}},"description":"Optional parameters that automatically create a file link for the newly created file.","description_kind":"plain"},"max_items":1}},"description_kind":"plain"}},"stripe_meter":{"version":0,"block":{"attributes":{"display_name":{"type":"string","description":"The meter’s name.","description_kind":"plain","required":true},"event_name":{"type":"string","description":"The name of the meter event to record usage for. Corresponds with the event_name field on meter events","description_kind":"plain","required":true},"event_time_window":{"type":"string","description":"The time window to pre-aggregate meter events for, if any.","description_kind":"plain","optional":true},"id":{"type":"string","description":"Unique identifier for the object.","description_kind":"plain","computed":true}},"block_types":{"customer_mapping":{"nesting_mode":"list","block":{"attributes":{"event_payload_key":{"type":"string","description":"The key in the usage event payload to use for mapping the event to a customer.","description_kind":"plain","required":true},"type":{"type":"string","description":"The method for mapping a meter event to a customer. Must be by_id","description_kind":"plain","required":true}},"description":"Fields that specify how to map a meter event to a customer.","description_kind":"plain"},"max_items":1},"default_aggregation":{"nesting_mode":"list","block":{"attributes":{"formula":{"type":"string","description":"Specifies how events are aggregated. Allowed values are count to count the number of events and sum to sum each event’s value.","description_kind":"plain","required":true}},"description":"The default settings to aggregate a meter’s events with","description_kind":"plain"},"min_items":1,"max_items":1},"value_settings":{"nesting_mode":"list","block":{"attributes":{"event_payload_key":{"type":"string","description":"The key in the usage event payload to use as the value for this meter. For example, if the event payload  contains usage on a bytes_used field, then set the event_payload_key to “bytes_used”","description_kind":"plain","required":true}},"description":"Fields that specify how to calculate a meter event’s value.","description_kind":"plain"},"max_items":1}},"description_kind":"plain"}},"stripe_portal_configuration":{"version":0,"block":{"attributes":{"active":{"type":"bool","description":"Whether the configuration is active and can be used to create portal sessions.","description_kind":"plain","optional":true},"default_return_url":{"type":"string","description":"The default URL to redirect customers to when they click on the portal's link to return to your website. This can be overriden when creating the session.","description_kind":"plain","optional":true},"id":{"type":"string","description":"Unique identifier for the object.","description_kind":"plain","computed":true},"is_default":{"type":"bool","description":"Whether the configuration is the default. If true, this configuration can be managed in the Dashboard and portal sessions will use this configuration unless it is overriden when creating the session.","description_kind":"plain","computed":true},"metadata":{"type":["map","string"],"description":"Set of key-value pairs that you can attach to an object. This can be useful for storing additional information about the object in a structured format.","description_kind":"plain","optional":true}},"block_types":{"business_profile":{"nesting_mode":"list","block":{"attributes":{"headline":{"type":"string","description":"The messaging shown to customers in the portal.","description_kind":"plain","optional":true},"privacy_policy_url":{"type":"string","description":"A link to the business's publicly available privacy policy.","description_kind":"plain","optional":true},"terms_of_service_url":{"type":"string","description":"A link to the business's publicly available terms of service.","description_kind":"plain","optional":true}},"description":"The business information shown to customers in the portal.","description_kind":"plain"},"min_items":1,"max_items":1},"features":{"nesting_mode":"list","block":{"block_types":{"customer_update":{"nesting_mode":"list","block":{"attributes":{"allowed_updates":{"type":["list","string"],"description":"The types of customer updates that are supported. When empty, customers are not updatable.","description_kind":"plain","optional":true},"enabled":{"type":"bool","description":"Whether the feature is enabled.","description_kind":"plain","required":true}},"description":"Information about updating the customer details in the portal.","description_kind":"plain"},"max_items":1},"invoice_history":{"nesting_mode":"list","block":{"attributes":{"enabled":{"type":"bool","description":"Whether the feature is enabled.","description_kind":"plain","required":true}},"description":"Information about showing the billing history in the portal.","description_kind":"plain"},"max_items":1},"payment_method_update":{"nesting_mode":"list","block":{"attributes":{"enabled":{"type":"bool","description":"Whether the feature is enabled.","description_kind":"plain","required":true}},"description":"Information about updating payment methods in the portal.","description_kind":"plain"},"max_items":1},"subscription_cancel":{"nesting_mode":"list","block":{"attributes":{"enabled":{"type":"bool","description":"Whether the feature is enabled.","description_kind":"plain","required":true},"mode":{"type":"string","description":"Whether to cancel subscriptions immediately or at the end of the billing period.","description_kind":"plain","optional":true},"proration_behavior":{"type":"string","description":"Whether to create prorations when canceling subscriptions.","description_kind":"plain","optional":true}},"block_types":{"cancellation_reason":{"nesting_mode":"list","block":{"attributes":{"enabled":{"type":"bool","description":"Whether the feature is enabled.","description_kind":"plain","required":true},"options":{"type":["list","string"],"description":"Which cancellation reasons will be given as options to the customer.","description_kind":"plain","required":true}},"description":"Whether the cancellation reasons will be collected in the portal and which options are exposed to the customer","description_kind":"plain"},"max_items":1}},"description":"Information about canceling subscriptions in the portal.","description_kind":"plain"},"max_items":1},"subscription_update":{"nesting_mode":"list","block":{"attributes":{"default_allowed_updates":{"type":["list","string"],"description":"The types of subscription updates that are supported. When empty, subscriptions are not updateable.","description_kind":"plain","required":true},"enabled":{"type":"bool","description":"Whether the feature is enabled.","description_kind":"plain","required":true},"proration_behavior":{"type":"string","description":"Determines how to handle prorations resulting from subscription updates","description_kind":"plain","optional":true}},"block_types":{"products":{"nesting_mode":"list","block":{"attributes":{"prices":{"type":["list","string"],"description":"The list of price IDs for the product that a subscription can be updated to.","description_kind":"plain","required":true},"product":{"type":"string","description":"The product id.","description_kind":"plain","required":true}},"description":"The list of products that support subscription updates.","description_kind":"plain"},"min_items":1}},"description":"Information about updating subscriptions in the portal.","description_kind":"plain"}}},"description":"Information about the features available in the portal.","description_kind":"plain"},"min_items":1,"max_items":1},"login_page":{"nesting_mode":"list","block":{"attributes":{"enabled":{"type":"bool","description":"Set to true to generate a shareable URL login_page.url that will take your customers to a hosted login page for the customer portal.","description_kind":"plain","optional":true},"url":{"type":"string","description":"A shareable URL to the hosted portal login page. Your customers will be able to log in with their email and receive a link to their customer portal.","description_kind":"plain","computed":true}},"description":"The hosted login page for this configuration.","description_kind":"plain"},"max_items":1}},"description_kind":"plain"}},"stripe_price":{"version":0,"block":{"attributes":{"active":{"type":"bool","description":"Whether the price can be used for new purchases. Defaults to true.","description_kind":"plain","optional":true},"billing_scheme":{"type":"string","description":"Describes how to compute the price per period. Either per_unit or tiered. per_unit indicates that the fixed amount (specified in unit_amount or unit_amount_decimal) will be charged per unit in quantity (for prices with usage_type=licensed), or per unit of total usage (for prices with usage_type=metered). tiered indicates that the unit pricing will be computed using a tiering strategy as defined using the tiers and tiers_mode attributes.","description_kind":"plain","optional":true,"computed":true},"currency":{"type":"string","description":"Three-letter ISO currency code, in lowercase.","description_kind":"plain","required":true},"id":{"type":"string","description":"Unique identifier for the object.","description_kind":"plain","computed":true},"lookup_key":{"type":"string","description":"A lookup key used to retrieve prices dynamically from a static string.","description_kind":"plain","optional":true},"metadata":{"type":["map","string"],"description":"Set of key-value pairs that you can attach to an object. This can be useful for storing additional information about the object in a structured format.","description_kind":"plain","optional":true},"nickname":{"type":"string","description":"A brief description of the price, hidden from customers.","description_kind":"plain","optional":true},"product":{"type":"string","description":"The ID of the product that this price will belong to.","description_kind":"plain","required":true},"tax_behavior":{"type":"string","description":"Specifies whether the price is considered inclusive of taxes or exclusive of taxes. One of inclusive, exclusive, or unspecified. Once specified as either inclusive or exclusive, it cannot be changed.","description_kind":"plain","optional":true},"tiers_mode":{"type":"string","description":"Defines if the tiering price should be graduated or volume based. In volume-based tiering, the maximum quantity within a period determines the per unit price, in graduated tiering pricing can successively change as the quantity grows.","description_kind":"plain","optional":true},"transfer_lookup_key":{"type":"bool","description":"If set to true, will atomically remove the lookup key from the existing price, and assign it to this price.","description_kind":"plain","optional":true},"type":{"type":"string","description":"One of one_time or recurring depending on whether the price is for a one-time purchase or a recurring (subscription) purchase","description_kind":"plain","computed":true},"unit_amount":{"type":"number","description":"A positive integer in cents (or -1 for a free price) representing how much to charge.","description_kind":"plain","optional":true,"computed":true},"unit_amount_decimal":{"type":"number","description":"Same as unit_amount, but accepts a decimal value in cents with at most 12 decimal places. Only one of unit_amount and unit_amount_decimal can be set","description_kind":"plain","optional":true,"computed":true}},"block_types":{"currency_options":{"nesting_mode":"list","block":{"attributes":{"currency":{"type":"string","description":"Each currency must be a three-letter ISO currency code and a supported currency","description_kind":"plain","required":true},"tax_behavior":{"type":"string","description":"Only required if a default tax behavior was not provided in the Stripe Tax settings. Specifies whether the price is considered inclusive of taxes or exclusive of taxes. One of inclusive, exclusive, or unspecified. Once specified as either inclusive or exclusive, it cannot be changed.","description_kind":"plain","optional":true},"unit_amount":{"type":"number","description":"A positive integer in cents (or -1 for a free price) representing how much to charge.","description_kind":"plain","optional":true},"unit_amount_decimal":{"type":"number","description":"Same as unit_amount, but accepts a decimal value in cents with at most 12 decimal places. Only one of unit_amount and unit_amount_decimal can be set.","description_kind":"plain","optional":true}},"block_types":{"custom_unit_amount":{"nesting_mode":"list","block":{"attributes":{"enabled":{"type":"bool","description":"Pass in true to enable custom_unit_amount, otherwise omit custom_unit_amount","description_kind":"plain","required":true},"maximum":{"type":"number","description":"The maximum unit amount the customer can specify for this item.","description_kind":"plain","optional":true},"minimum":{"type":"number","description":"The minimum unit amount the customer can specify for this item. Must be at least the minimum charge amount.","description_kind":"plain","optional":true},"preset":{"type":"number","description":"The starting unit amount which can be updated by the customer.","description_kind":"plain","optional":true}},"description":"When set, provides configuration for the amount to be adjusted by the customer during Checkout Sessions and Payment Links","description_kind":"plain"},"max_items":1},"tiers":{"nesting_mode":"list","block":{"attributes":{"flat_amount":{"type":"number","description":"The flat billing amount for an entire tier, regardless of the number of units in the tier.","description_kind":"plain","optional":true},"flat_amount_decimal":{"type":"number","description":"Same as flat_amount, but accepts a decimal value representing an integer in the minor units of the currency. Only one of flat_amount and flat_amount_decimal can be set.","description_kind":"plain","optional":true},"unit_amount":{"type":"number","description":"The per unit billing amount for each individual unit for which this tier applies.","description_kind":"plain","optional":true},"unit_amount_decimal":{"type":"number","description":"Same as unit_amount, but accepts a decimal value in cents with at most 12 decimal places. Only one of unit_amount and unit_amount_decimal can be set.","description_kind":"plain","optional":true},"up_to":{"type":"number","description":"Specifies the upper bound of this tier. The lower bound of a tier is the upper bound of the previous tier adding one. Use -1 to define a fallback tier.","description_kind":"plain","optional":true}},"description":"Each element represents a pricing tier. This parameter requires billing_scheme to be set to tiered. See also the documentation for billing_scheme.","description_kind":"plain"}}},"description":"Prices defined in each available currency option. Each key must be a three-letter ISO currency code and a supported currency","description_kind":"plain"}},"custom_unit_amount":{"nesting_mode":"list","block":{"attributes":{"enabled":{"type":"bool","description":"Pass in true to enable custom_unit_amount, otherwise omit custom_unit_amount","description_kind":"plain","required":true},"maximum":{"type":"number","description":"The maximum unit amount the customer can specify for this item.","description_kind":"plain","optional":true},"minimum":{"type":"number","description":"The minimum unit amount the customer can specify for this item. Must be at least the minimum charge amount.","description_kind":"plain","optional":true},"preset":{"type":"number","description":"The starting unit amount which can be updated by the customer.","description_kind":"plain","optional":true}},"description":"When set, provides configuration for the amount to be adjusted by the customer during Checkout Sessions and Payment Links","description_kind":"plain"},"max_items":1},"recurring":{"nesting_mode":"list","block":{"attributes":{"aggregate_usage":{"type":"string","description":"Specifies a usage aggregation strategy for prices of usage_type=metered. Allowed values are sum for summing up all usage during a period, last_during_period for using the last usage record reported within a period, last_ever for using the last usage record ever (across period bounds) or max which uses the usage record with the maximum reported usage during a period. ","description_kind":"plain","optional":true},"interval":{"type":"string","description":"Specifies billing frequency. Either day, week, month or year.","description_kind":"plain","required":true},"interval_count":{"type":"number","description":"The number of intervals between subscription billings. For example, interval=month and interval_count=3 bills every 3 months. Maximum of one year interval allowed (1 year, 12 months, or 52 weeks).","description_kind":"plain","optional":true},"meter":{"type":"string","description":"The meter tracking the usage of a metered price","description_kind":"plain","optional":true},"usage_type":{"type":"string","description":"Configures how the quantity per period should be determined. Can be either metered or licensed. licensed automatically bills the quantity set when adding it to a subscription. metered aggregates the total usage based on usage records. Defaults to licensed.","description_kind":"plain","optional":true}},"description":"The recurring components of a price such as interval and usage_type.","description_kind":"plain"},"max_items":1},"tiers":{"nesting_mode":"list","block":{"attributes":{"flat_amount":{"type":"number","description":"The flat billing amount for an entire tier, regardless of the number of units in the tier.","description_kind":"plain","optional":true,"computed":true},"flat_amount_decimal":{"type":"number","description":"Same as flat_amount, but accepts a decimal value representing an integer in the minor units of the currency. Only one of flat_amount and flat_amount_decimal can be set.","description_kind":"plain","optional":true,"computed":true},"unit_amount":{"type":"number","description":"The per unit billing amount for each individual unit for which this tier applies.","description_kind":"plain","optional":true,"computed":true},"unit_amount_decimal":{"type":"number","description":"Same as unit_amount, but accepts a decimal value in cents with at most 12 decimal places. Only one of unit_amount and unit_amount_decimal can be set.","description_kind":"plain","optional":true,"computed":true},"up_to":{"type":"number","description":"Specifies the upper bound of this tier. The lower bound of a tier is the upper bound of the previous tier adding one. Use -1 to define a fallback tier.","description_kind":"plain","optional":true,"computed":true}},"description":"Each element represents a pricing tier. This parameter requires billing_scheme to be set to tiered. See also the documentation for billing_scheme.","description_kind":"plain"}},"transform_quantity":{"nesting_mode":"list","block":{"attributes":{"divide_by":{"type":"number","description":"Divide usage by this number.","description_kind":"plain","required":true},"round":{"type":"string","description":"After division, either round the result up or down","description_kind":"plain","required":true}},"description":"Apply a transformation to the reported usage or set quantity before computing the billed price. Cannot be combined with tiers","description_kind":"plain"},"max_items":1}},"description_kind":"plain"}},"stripe_product":{"version":0,"block":{"attributes":{"active":{"type":"bool","description":"Whether the product is currently available for purchase. Defaults to true.","description_kind":"plain","optional":true},"description":{"type":"string","description":"The product’s description, meant to be displayable to the customer. Use this field to optionally store a long form explanation of the product being sold for your own rendering purposes.","description_kind":"plain","optional":true},"id":{"type":"string","description_kind":"plain","optional":true,"computed":true},"images":{"type":["list","string"],"description":"A list of up to 8 URLs of images for this product, meant to be displayable to the customer.","description_kind":"plain","optional":true},"marketing_features":{"type":["list","string"],"description":"A list of up to 15 marketing features for this product. These are displayed in pricing tables.","description_kind":"plain","optional":true},"metadata":{"type":["map","string"],"description":"Set of key-value pairs that you can attach to an object. This can be useful for storing additional information about the object in a structured format.","description_kind":"plain","optional":true},"name":{"type":"string","description":"The product’s name, meant to be displayable to the customer. Whenever this product is sold via a subscription, name will show up on associated invoice line item descriptions.","description_kind":"plain","required":true},"package_dimensions":{"type":["map","number"],"description":"The dimensions of this product for shipping purposes.","description_kind":"plain","optional":true},"product_id":{"type":"string","description":"Unique identifier for the object.","description_kind":"plain","optional":true,"computed":true},"shippable":{"type":"bool","description":"Whether this product is shipped (i.e., physical goods).","description_kind":"plain","optional":true},"statement_descriptor":{"type":"string","description":"An arbitrary string to be displayed on your customer’s credit card or bank statement. While most banks display this information consistently, some may display it incorrectly or not at all. This may be up to 22 characters. The statement description may not include \u003c, \u003e, \\, \", ’ characters, and will appear on your customer’s statement in capital letters. Non-ASCII characters are automatically stripped. It must contain at least one letter.","description_kind":"plain","optional":true},"tax_code":{"type":"string","description":"A tax code ID. Supported values are listed in the TaxCode resource and at https://stripe.com/docs/tax/tax-categories.","description_kind":"plain","optional":true},"unit_label":{"type":"string","description":"A label that represents units of this product in Stripe and on customers’ receipts and invoices. When set, this will be included in associated invoice line item descriptions.","description_kind":"plain","optional":true},"url":{"type":"string","description":"A URL of a publicly-accessible webpage for this product.","description_kind":"plain","optional":true}},"description_kind":"plain"}},"stripe_product_feature":{"version":0,"block":{"attributes":{"entitlements_feature":{"type":"string","description":"The ID of the Entitlements Feature the product will be attached to","description_kind":"plain","required":true},"id":{"type":"string","description":"Unique identifier for the object.","description_kind":"plain","computed":true},"livemode":{"type":"bool","description":"Has the value true if the object exists in live mode or the value false if the object exists in test mode","description_kind":"plain","computed":true},"object":{"type":"string","description":"String representing the object’s type. Objects of the same type share the same value.","description_kind":"plain","computed":true},"product":{"type":"string","description":"The ID of the product that this Entitlements Feature will be attached to.","description_kind":"plain","required":true}},"description_kind":"plain"}},"stripe_promotion_code":{"version":0,"block":{"attributes":{"active":{"type":"bool","description":"Whether the promotion code is currently active.","description_kind":"plain","optional":true},"code":{"type":"string","description":"The customer-facing code. Regardless of case, this code must be unique across all active promotion codes for a specific customer. If left blank, we will generate one automatically.","description_kind":"plain","optional":true},"coupon":{"type":"string","description":"The coupon for this promotion code.","description_kind":"plain","required":true},"customer":{"type":"string","description":"The customer that this promotion code can be used by. If not set, the promotion code can be used by all customers.","description_kind":"plain","optional":true},"expires_at":{"type":"string","description":"The timestamp at which this promotion code will expire. If the coupon has specified a redeems_by, then this value cannot be after the coupon’s redeems_by. Expected format is RFC3339","description_kind":"plain","optional":true},"id":{"type":"string","description":"Unique identifier for the object.","description_kind":"plain","computed":true},"max_redemptions":{"type":"number","description":"A positive integer specifying the number of times the promotion code can be redeemed. If the coupon has specified a max_redemptions, then this value cannot be greater than the coupon’s max_redemptions.","description_kind":"plain","optional":true},"metadata":{"type":["map","string"],"description":"Set of key-value pairs that you can attach to an object. This can be useful for storing additional information about the object in a structured format.","description_kind":"plain","optional":true}},"block_types":{"restrictions":{"nesting_mode":"list","block":{"attributes":{"first_time_transaction":{"type":"bool","description":"A Boolean indicating if the Promotion Code should only be redeemed for Customers without any successful payments or invoices","description_kind":"plain","required":true},"minimum_amount":{"type":"number","description":"Minimum amount required to redeem this Promotion Code into a Coupon (e.g., a purchase must be $100 or more to work).","description_kind":"plain","optional":true},"minimum_amount_currency":{"type":"string","description":"Three-letter ISO code for minimum_amount","description_kind":"plain","optional":true}},"description":"Settings that restrict the redemption of the promotion code.","description_kind":"plain"},"max_items":1}},"description_kind":"plain"}},"stripe_shipping_rate":{"version":0,"block":{"attributes":{"active":{"type":"bool","description":"Whether the shipping rate can be used for new purchases. Defaults to true.","description_kind":"plain","optional":true},"display_name":{"type":"string","description":"The name of the shipping rate, meant to be displayable to the customer. This will appear on CheckoutSessions.","description_kind":"plain","required":true},"id":{"type":"string","description":"Unique identifier for the object.","description_kind":"plain","computed":true},"livemode":{"type":"bool","description":"Has the value true if the object exists in live mode or the value false if the object exists in test mode.","description_kind":"plain","computed":true},"metadata":{"type":["map","string"],"description":"Set of key-value pairs that you can attach to an object. This can be useful for storing additional information about the object in a structured format.","description_kind":"plain","optional":true},"tax_behavior":{"type":"string","description":"Specifies whether the rate is considered inclusive of taxes or exclusive of taxes. One of inclusive, exclusive, or unspecified. ","description_kind":"plain","optional":true},"tax_code":{"type":"string","description":"A tax code ID. The Shipping tax code is txcd_92010001.","description_kind":"plain","optional":true},"type":{"type":"string","description":"The type of calculation to use on the shipping rate. Can only be fixed_amount for now","description_kind":"plain","optional":true}},"block_types":{"delivery_estimate":{"nesting_mode":"list","block":{"block_types":{"maximum":{"nesting_mode":"list","block":{"attributes":{"unit":{"type":"string","description":"The upper bound of the estimated range. If empty, represents no lower bound.","description_kind":"plain","required":true},"value":{"type":"number","description":"Must be greater than 0.","description_kind":"plain","required":true}},"description_kind":"plain"},"max_items":1},"minimum":{"nesting_mode":"list","block":{"attributes":{"unit":{"type":"string","description":"The lower bound of the estimated range. If empty, represents no lower bound.","description_kind":"plain","required":true},"value":{"type":"number","description":"Must be greater than 0.","description_kind":"plain","required":true}},"description_kind":"plain"},"max_items":1}},"description_kind":"plain"}},"fixed_amount":{"nesting_mode":"list","block":{"attributes":{"amount":{"type":"number","description":"A non-negative integer in cents representing how much to charge.","description_kind":"plain","required":true},"currency":{"type":"string","description":"Three-letter ISO currency code, in lowercase. Must be a supported currency.","description_kind":"plain","required":true}},"block_types":{"currency_option":{"nesting_mode":"list","block":{"attributes":{"amount":{"type":"number","description":"A non-negative integer in cents representing how much to charge.","description_kind":"plain","required":true},"currency":{"type":"string","description":"Three-letter ISO currency code, in lowercase. Must be a supported currency.","description_kind":"plain","required":true},"tax_behavior":{"type":"string","description":"Specifies whether the rate is considered inclusive of taxes or exclusive of taxes. One of inclusive, exclusive, or unspecified. ","description_kind":"plain","optional":true}},"description":"Shipping rates defined in each available currency option. Each key must be a three-letter ISO currency code and a supported currency. For example, to get your shipping rate in eur, fetch the value of the eur key in currency_options. This field is not included by default. To include it in the response, expand the currency_options field.","description_kind":"plain"}}},"description":"Describes a fixed amount to charge for shipping. Must be present for now.","description_kind":"plain"},"min_items":1,"max_items":1}},"description_kind":"plain"}},"stripe_tax_rate":{"version":0,"block":{"attributes":{"active":{"type":"bool","description":"Flag determining whether the tax rate is active or inactive (archived). Inactive tax rates cannot be used with new applications or Checkout Sessions, but will still work for subscriptions and invoices that already have it set.","description_kind":"plain","optional":true},"country":{"type":"string","description":"Two-letter country code (ISO 3166-1 alpha-2).","description_kind":"plain","optional":true},"created":{"type":"number","description":"Time at which the object was created. Measured in seconds since the Unix epoch.","description_kind":"plain","computed":true},"description":{"type":"string","description":"An arbitrary string attached to the tax rate for your internal use only. It will not be visible to your customers.","description_kind":"plain","optional":true},"display_name":{"type":"string","description":"The display name of the tax rate, which will be shown to users.","description_kind":"plain","required":true},"id":{"type":"string","description":"Unique identifier for the object.","description_kind":"plain","computed":true},"inclusive":{"type":"bool","description":"This specifies if the tax rate is inclusive or exclusive.","description_kind":"plain","required":true},"jurisdiction":{"type":"string","description":"The jurisdiction for the tax rate. You can use this label field for tax reporting purposes.It also appears on your customer’s invoice.","description_kind":"plain","optional":true},"livemode":{"type":"bool","description":"Has the value true if the object exists in live mode or the value false if the object exists in test mode.","description_kind":"plain","computed":true},"metadata":{"type":["map","string"],"description":"Set of key-value pairs that you can attach to an object. This can be useful for storing additional information about the object in a structured format. Individual keys can be unset by posting an empty value to them. All keys can be unset by posting an empty value to metadata.","description_kind":"plain","optional":true},"object":{"type":"string","description":"String representing the object’s type. Objects of the same type share the same value.","description_kind":"plain","computed":true},"percentage":{"type":"number","description":"This represents the tax rate percent out of 100.","description_kind":"plain","required":true},"state":{"type":"string","description":"ISO 3166-2 subdivision code, without country prefix. For example, “NY” for New York, United States.","description_kind":"plain","optional":true},"tax_type":{"type":"string","description":"The high-level tax type, such as vat or sales_tax.","description_kind":"plain","optional":true}},"description_kind":"plain"}},"stripe_webhook_endpoint":{"version":0,"block":{"attributes":{"api_version":{"type":"string","description":"Events sent to this endpoint will be generated with this Stripe Version instead of your account’s default Stripe Version.","description_kind":"plain","optional":true},"application":{"type":"string","description":"The ID of the associated Connect application.","description_kind":"plain","computed":true},"connect":{"type":"bool","description":"Whether this endpoint should receive events from connected accounts (true), or from your account (false). Defaults to false","description_kind":"plain","optional":true},"description":{"type":"string","description":"An optional description of what the webhook is used for.","description_kind":"plain","optional":true},"disabled":{"type":"bool","description":"Disable the webhook endpoint if set to true.","description_kind":"plain","optional":true},"enabled_events":{"type":["list","string"],"description":"The list of events to enable for this endpoint. [’*’] indicates that all events are enabled, except those that require explicit selection.","description_kind":"plain","required":true},"id":{"type":"string","description":"Unique identifier for the object.","description_kind":"plain","computed":true},"metadata":{"type":["map","string"],"description":"Set of key-value pairs that you can attach to an object. This can be useful for storing additional information about the object in a structured format.","description_kind":"plain","optional":true},"secret":{"type":"string","description":"The endpoint’s secret, used to generate webhook signatures. Only returned at creation.","description_kind":"plain","computed":true,"sensitive":true},"url":{"type":"string","description":"The URL of the webhook endpoint.","description_kind":"plain","required":true}},"description_kind":"plain"}}}}}}
